// !$*UTF8*$!
{
	archiveVersion = 1;
	classes = {
	};
	objectVersion = 50;
	objects = {

/* Begin PBXBuildFile section */
		DBE8015F2144CD95003C9039 /* AppDelegate.swift in Sources */ = {isa = PBXBuildFile; fileRef = DBE8015E2144CD95003C9039 /* AppDelegate.swift */; };
		DBE801612144CD95003C9039 /* ViewController.swift in Sources */ = {isa = PBXBuildFile; fileRef = DBE801602144CD95003C9039 /* ViewController.swift */; };
		DBE801642144CD95003C9039 /* Main.storyboard in Resources */ = {isa = PBXBuildFile; fileRef = DBE801622144CD95003C9039 /* Main.storyboard */; };
		DBE801662144CD98003C9039 /* Assets.xcassets in Resources */ = {isa = PBXBuildFile; fileRef = DBE801652144CD98003C9039 /* Assets.xcassets */; };
		DBE801692144CD98003C9039 /* LaunchScreen.storyboard in Resources */ = {isa = PBXBuildFile; fileRef = DBE801672144CD98003C9039 /* LaunchScreen.storyboard */; };
		DBE801742144CD98003C9039 /* ScrollBookLikeIBookTests.swift in Sources */ = {isa = PBXBuildFile; fileRef = DBE801732144CD98003C9039 /* ScrollBookLikeIBookTests.swift */; };
		DBE801852144FD6E003C9039 /* Book.swift in Sources */ = {isa = PBXBuildFile; fileRef = DBE801842144FD6E003C9039 /* Book.swift */; };
		DBE801872144FDAA003C9039 /* CategoryRow.swift in Sources */ = {isa = PBXBuildFile; fileRef = DBE801862144FDAA003C9039 /* CategoryRow.swift */; };
		DBE801892144FE26003C9039 /* BookCollectionViewCell.swift in Sources */ = {isa = PBXBuildFile; fileRef = DBE801882144FE26003C9039 /* BookCollectionViewCell.swift */; };
/* End PBXBuildFile section */

/* Begin PBXContainerItemProxy section */
		DBE801702144CD98003C9039 /* PBXContainerItemProxy */ = {
			isa = PBXContainerItemProxy;
			containerPortal = DBE801532144CD95003C9039 /* Project object */;
			proxyType = 1;
			remoteGlobalIDString = DBE8015A2144CD95003C9039;
			remoteInfo = ScrollBookLikeIBook;
		};
/* End PBXContainerItemProxy section */

/* Begin PBXFileReference section */
		DBE8015B2144CD95003C9039 /* ScrollBookLikeIBook.app */ = {isa = PBXFileReference; explicitFileType = wrapper.application; includeInIndex = 0; path = ScrollBookLikeIBook.app; sourceTree = BUILT_PRODUCTS_DIR; };
		DBE8015E2144CD95003C9039 /* AppDelegate.swift */ = {isa = PBXFileReference; lastKnownFileType = sourcecode.swift; path = AppDelegate.swift; sourceTree = "<group>"; };
		DBE801602144CD95003C9039 /* ViewController.swift */ = {isa = PBXFileReference; lastKnownFileType = sourcecode.swift; path = ViewController.swift; sourceTree = "<group>"; };
		DBE801632144CD95003C9039 /* Base */ = {isa = PBXFileReference; lastKnownFileType = file.storyboard; name = Base; path = Base.lproj/Main.storyboard; sourceTree = "<group>"; };
		DBE801652144CD98003C9039 /* Assets.xcassets */ = {isa = PBXFileReference; lastKnownFileType = folder.assetcatalog; path = Assets.xcassets; sourceTree = "<group>"; };
		DBE801682144CD98003C9039 /* Base */ = {isa = PBXFileReference; lastKnownFileType = file.storyboard; name = Base; path = Base.lproj/LaunchScreen.storyboard; sourceTree = "<group>"; };
		DBE8016A2144CD98003C9039 /* Info.plist */ = {isa = PBXFileReference; lastKnownFileType = text.plist.xml; path = Info.plist; sourceTree = "<group>"; };
		DBE8016F2144CD98003C9039 /* ScrollBookLikeIBookTests.xctest */ = {isa = PBXFileReference; explicitFileType = wrapper.cfbundle; includeInIndex = 0; path = ScrollBookLikeIBookTests.xctest; sourceTree = BUILT_PRODUCTS_DIR; };
		DBE801732144CD98003C9039 /* ScrollBookLikeIBookTests.swift */ = {isa = PBXFileReference; lastKnownFileType = sourcecode.swift; path = ScrollBookLikeIBookTests.swift; sourceTree = "<group>"; };
		DBE801752144CD98003C9039 /* Info.plist */ = {isa = PBXFileReference; lastKnownFileType = text.plist.xml; path = Info.plist; sourceTree = "<group>"; };
		DBE801842144FD6E003C9039 /* Book.swift */ = {isa = PBXFileReference; lastKnownFileType = sourcecode.swift; path = Book.swift; sourceTree = "<group>"; };
		DBE801862144FDAA003C9039 /* CategoryRow.swift */ = {isa = PBXFileReference; lastKnownFileType = sourcecode.swift; path = CategoryRow.swift; sourceTree = "<group>"; };
		DBE801882144FE26003C9039 /* BookCollectionViewCell.swift */ = {isa = PBXFileReference; lastKnownFileType = sourcecode.swift; path = BookCollectionViewCell.swift; sourceTree = "<group>"; };
/* End PBXFileReference section */

/* Begin PBXFrameworksBuildPhase section */
		DBE801582144CD95003C9039 /* Frameworks */ = {
			isa = PBXFrameworksBuildPhase;
			buildActionMask = 2147483647;
			files = (
			);
			runOnlyForDeploymentPostprocessing = 0;
		};
		DBE8016C2144CD98003C9039 /* Frameworks */ = {
			isa = PBXFrameworksBuildPhase;
			buildActionMask = 2147483647;
			files = (
			);
			runOnlyForDeploymentPostprocessing = 0;
		};
/* End PBXFrameworksBuildPhase section */

/* Begin PBXGroup section */
		DBE801522144CD95003C9039 = {
			isa = PBXGroup;
			children = (
				DBE8015D2144CD95003C9039 /* ScrollBookLikeIBook */,
				DBE801722144CD98003C9039 /* ScrollBookLikeIBookTests */,
				DBE8015C2144CD95003C9039 /* Products */,
			);
			sourceTree = "<group>";
		};
		DBE8015C2144CD95003C9039 /* Products */ = {
			isa = PBXGroup;
			children = (
				DBE8015B2144CD95003C9039 /* ScrollBookLikeIBook.app */,
				DBE8016F2144CD98003C9039 /* ScrollBookLikeIBookTests.xctest */,
			);
			name = Products;
			sourceTree = "<group>";
		};
		DBE8015D2144CD95003C9039 /* ScrollBookLikeIBook */ = {
			isa = PBXGroup;
			children = (
				DBE8015E2144CD95003C9039 /* AppDelegate.swift */,
				DBE801602144CD95003C9039 /* ViewController.swift */,
				DBE801622144CD95003C9039 /* Main.storyboard */,
				DBE801652144CD98003C9039 /* Assets.xcassets */,
				DBE801672144CD98003C9039 /* LaunchScreen.storyboard */,
				DBE8016A2144CD98003C9039 /* Info.plist */,
				DBE801842144FD6E003C9039 /* Book.swift */,
				DBE801862144FDAA003C9039 /* CategoryRow.swift */,
				DBE801882144FE26003C9039 /* BookCollectionViewCell.swift */,
			);
			path = ScrollBookLikeIBook;
			sourceTree = "<group>";
		};
		DBE801722144CD98003C9039 /* ScrollBookLikeIBookTests */ = {
			isa = PBXGroup;
			children = (
				DBE801732144CD98003C9039 /* ScrollBookLikeIBookTests.swift */,
				DBE801752144CD98003C9039 /* Info.plist */,
			);
			path = ScrollBookLikeIBookTests;
			sourceTree = "<group>";
		};
/* End PBXGroup section */

/* Begin PBXNativeTarget section */
		DBE8015A2144CD95003C9039 /* ScrollBookLikeIBook */ = {
			isa = PBXNativeTarget;
			buildConfigurationList = DBE801782144CD98003C9039 /* Build configuration list for PBXNativeTarget "ScrollBookLikeIBook" */;
			buildPhases = (
				DBE801572144CD95003C9039 /* Sources */,
				DBE801582144CD95003C9039 /* Frameworks */,
				DBE801592144CD95003C9039 /* Resources */,
			);
			buildRules = (
			);
			dependencies = (
			);
			name = ScrollBookLikeIBook;
			productName = ScrollBookLikeIBook;
			productReference = DBE8015B2144CD95003C9039 /* ScrollBookLikeIBook.app */;
			productType = "com.apple.product-type.application";
		};
		DBE8016E2144CD98003C9039 /* ScrollBookLikeIBookTests */ = {
			isa = PBXNativeTarget;
			buildConfigurationList = DBE8017B2144CD98003C9039 /* Build configuration list for PBXNativeTarget "ScrollBookLikeIBookTests" */;
			buildPhases = (
				DBE8016B2144CD98003C9039 /* Sources */,
				DBE8016C2144CD98003C9039 /* Frameworks */,
				DBE8016D2144CD98003C9039 /* Resources */,
			);
			buildRules = (
			);
			dependencies = (
				DBE801712144CD98003C9039 /* PBXTargetDependency */,
			);
			name = ScrollBookLikeIBookTests;
			productName = ScrollBookLikeIBookTests;
			productReference = DBE8016F2144CD98003C9039 /* ScrollBookLikeIBookTests.xctest */;
			productType = "com.apple.product-type.bundle.unit-test";
		};
/* End PBXNativeTarget section */

/* Begin PBXProject section */
		DBE801532144CD95003C9039 /* Project object */ = {
			isa = PBXProject;
			attributes = {
				LastSwiftUpdateCheck = 0940;
				LastUpgradeCheck = 0940;
				ORGANIZATIONNAME = "Ta Minh Tu";
				TargetAttributes = {
					DBE8015A2144CD95003C9039 = {
						CreatedOnToolsVersion = 9.4.1;
					};
					DBE8016E2144CD98003C9039 = {
						CreatedOnToolsVersion = 9.4.1;
						TestTargetID = DBE8015A2144CD95003C9039;
					};
				};
			};
			buildConfigurationList = DBE801562144CD95003C9039 /* Build configuration list for PBXProject "ScrollBookLikeIBook" */;
			compatibilityVersion = "Xcode 9.3";
			developmentRegion = en;
			hasScannedForEncodings = 0;
			knownRegions = (
				en,
				Base,
			);
			mainGroup = DBE801522144CD95003C9039;
			productRefGroup = DBE8015C2144CD95003C9039 /* Products */;
			projectDirPath = "";
			projectRoot = "";
			targets = (
				DBE8015A2144CD95003C9039 /* ScrollBookLikeIBook */,
				DBE8016E2144CD98003C9039 /* ScrollBookLikeIBookTests */,
			);
		};
/* End PBXProject section */

/* Begin PBXResourcesBuildPhase section */
		DBE801592144CD95003C9039 /* Resources */ = {
			isa = PBXResourcesBuildPhase;
			buildActionMask = 2147483647;
			files = (
				DBE801692144CD98003C9039 /* LaunchScreen.storyboard in Resources */,
				DBE801662144CD98003C9039 /* Assets.xcassets in Resources */,
				DBE801642144CD95003C9039 /* Main.storyboard in Resources */,
			);
			runOnlyForDeploymentPostprocessing = 0;
		};
		DBE8016D2144CD98003C9039 /* Resources */ = {
			isa = PBXResourcesBuildPhase;
			buildActionMask = 2147483647;
			files = (
			);
			runOnlyForDeploymentPostprocessing = 0;
		};
/* End PBXResourcesBuildPhase section */

/* Begin PBXSourcesBuildPhase section */
		DBE801572144CD95003C9039 /* Sources */ = {
			isa = PBXSourcesBuildPhase;
			buildActionMask = 2147483647;
			files = (
				DBE801612144CD95003C9039 /* ViewController.swift in Sources */,
				DBE8015F2144CD95003C9039 /* AppDelegate.swift in Sources */,
				DBE801872144FDAA003C9039 /* CategoryRow.swift in Sources */,
				DBE801892144FE26003C9039 /* BookCollectionViewCell.swift in Sources */,
				DBE801852144FD6E003C9039 /* Book.swift in Sources */,
			);
			runOnlyForDeploymentPostprocessing = 0;
		};
		DBE8016B2144CD98003C9039 /* Sources */ = {
			isa = PBXSourcesBuildPhase;
			buildActionMask = 2147483647;
			files = (
				DBE801742144CD98003C9039 /* ScrollBookLikeIBookTests.swift in Sources */,
			);
			runOnlyForDeploymentPostprocessing = 0;
		};
/* End PBXSourcesBuildPhase section */

/* Begin PBXTargetDependency section */
		DBE801712144CD98003C9039 /* PBXTargetDependency */ = {
			isa = PBXTargetDependency;
			target = DBE8015A2144CD95003C9039 /* ScrollBookLikeIBook */;
			targetProxy = DBE801702144CD98003C9039 /* PBXContainerItemProxy */;
		};
/* End PBXTargetDependency section */

/* Begin PBXVariantGroup section */
		DBE801622144CD95003C9039 /* Main.storyboard */ = {
			isa = PBXVariantGroup;
			children = (
				DBE801632144CD95003C9039 /* Base */,
			);
			name = Main.storyboard;
			sourceTree = "<group>";
		};
		DBE801672144CD98003C9039 /* LaunchScreen.storyboard */ = {
			isa = PBXVariantGroup;
			children = (
				DBE801682144CD98003C9039 /* Base */,
			);
			name = LaunchScreen.storyboard;
			sourceTree = "<group>";
		};
/* End PBXVariantGroup section */

/* Begin XCBuildConfiguration section */
		DBE801762144CD98003C9039 /* Debug */ = {
			isa = XCBuildConfiguration;
			buildSettings = {
				ALWAYS_SEARCH_USER_PATHS = NO;
				CLANG_ANALYZER_NONNULL = YES;
				CLANG_ANALYZER_NUMBER_OBJECT_CONVERSION = YES_AGGRESSIVE;
				CLANG_CXX_LANGUAGE_STANDARD = "gnu++14";
				CLANG_CXX_LIBRARY = "libc++";
				CLANG_ENABLE_MODULES = YES;
				CLANG_ENABLE_OBJC_ARC = YES;
				CLANG_ENABLE_OBJC_WEAK = YES;
				CLANG_WARN_BLOCK_CAPTURE_AUTORELEASING = YES;
				CLANG_WARN_BOOL_CONVERSION = YES;
				CLANG_WARN_COMMA = YES;
				CLANG_WARN_CONSTANT_CONVERSION = YES;
				CLANG_WARN_DEPRECATED_OBJC_IMPLEMENTATIONS = YES;
				CLANG_WARN_DIRECT_OBJC_ISA_USAGE = YES_ERROR;
				CLANG_WARN_DOCUMENTATION_COMMENTS = YES;
				CLANG_WARN_EMPTY_BODY = YES;
				CLANG_WARN_ENUM_CONVERSION = YES;
				CLANG_WARN_INFINITE_RECURSION = YES;
				CLANG_WARN_INT_CONVERSION = YES;
				CLANG_WARN_NON_LITERAL_NULL_CONVERSION = YES;
				CLANG_WARN_OBJC_IMPLICIT_RETAIN_SELF = YES;
				CLANG_WARN_OBJC_LITERAL_CONVERSION = YES;
				CLANG_WARN_OBJC_ROOT_CLASS = YES_ERROR;
				CLANG_WARN_RANGE_LOOP_ANALYSIS = YES;
				CLANG_WARN_STRICT_PROTOTYPES = YES;
				CLANG_WARN_SUSPICIOUS_MOVE = YES;
				CLANG_WARN_UNGUARDED_AVAILABILITY = YES_AGGRESSIVE;
				CLANG_WARN_UNREACHABLE_CODE = YES;
				CLANG_WARN__DUPLICATE_METHOD_MATCH = YES;
				CODE_SIGN_IDENTITY = "iPhone Developer";
				COPY_PHASE_STRIP = NO;
				DEBUG_INFORMATION_FORMAT = dwarf;
				ENABLE_STRICT_OBJC_MSGSEND = YES;
				ENABLE_TESTABILITY = YES;
				GCC_C_LANGUAGE_STANDARD = gnu11;
				GCC_DYNAMIC_NO_PIC = NO;
				GCC_NO_COMMON_BLOCKS = YES;
				GCC_OPTIMIZATION_LEVEL = 0;
				GCC_PREPROCESSOR_DEFINITIONS = (
					"DEBUG=1",
					"$(inherited)",
				);
				GCC_WARN_64_TO_32_BIT_CONVERSION = YES;
				GCC_WARN_ABOUT_RETURN_TYPE = YES_ERROR;
				GCC_WARN_UNDECLARED_SELECTOR = YES;
				GCC_WARN_UNINITIALIZED_AUTOS = YES_AGGRESSIVE;
				GCC_WARN_UNUSED_FUNCTION = YES;
				GCC_WARN_UNUSED_VARIABLE = YES;
				IPHONEOS_DEPLOYMENT_TARGET = 11.4;
				MTL_ENABLE_DEBUG_INFO = YES;
				ONLY_ACTIVE_ARCH = YES;
				SDKROOT = iphoneos;
				SWIFT_ACTIVE_COMPILATION_CONDITIONS = DEBUG;
				SWIFT_OPTIMIZATION_LEVEL = "-Onone";
			};
			name = Debug;
		};
		DBE801772144CD98003C9039 /* Release */ = {
			isa = XCBuildConfiguration;
			buildSettings = {
				ALWAYS_SEARCH_USER_PATHS = NO;
				CLANG_ANALYZER_NONNULL = YES;
				CLANG_ANALYZER_NUMBER_OBJECT_CONVERSION = YES_AGGRESSIVE;
				CLANG_CXX_LANGUAGE_STANDARD = "gnu++14";
				CLANG_CXX_LIBRARY = "libc++";
				CLANG_ENABLE_MODULES = YES;
				CLANG_ENABLE_OBJC_ARC = YES;
				CLANG_ENABLE_OBJC_WEAK = YES;
				CLANG_WARN_BLOCK_CAPTURE_AUTORELEASING = YES;
				CLANG_WARN_BOOL_CONVERSION = YES;
				CLANG_WARN_COMMA = YES;
				CLANG_WARN_CONSTANT_CONVERSION = YES;
				CLANG_WARN_DEPRECATED_OBJC_IMPLEMENTATIONS = YES;
				CLANG_WARN_DIRECT_OBJC_ISA_USAGE = YES_ERROR;
				CLANG_WARN_DOCUMENTATION_COMMENTS = YES;
				CLANG_WARN_EMPTY_BODY = YES;
				CLANG_WARN_ENUM_CONVERSION = YES;
				CLANG_WARN_INFINITE_RECURSION = YES;
				CLANG_WARN_INT_CONVERSION = YES;
				CLANG_WARN_NON_LITERAL_NULL_CONVERSION = YES;
				CLANG_WARN_OBJC_IMPLICIT_RETAIN_SELF = YES;
				CLANG_WARN_OBJC_LITERAL_CONVERSION = YES;
				CLANG_WARN_OBJC_ROOT_CLASS = YES_ERROR;
				CLANG_WARN_RANGE_LOOP_ANALYSIS = YES;
				CLANG_WARN_STRICT_PROTOTYPES = YES;
				CLANG_WARN_SUSPICIOUS_MOVE = YES;
				CLANG_WARN_UNGUARDED_AVAILABILITY = YES_AGGRESSIVE;
				CLANG_WARN_UNREACHABLE_CODE = YES;
				CLANG_WARN__DUPLICATE_METHOD_MATCH = YES;
				CODE_SIGN_IDENTITY = "iPhone Developer";
				COPY_PHASE_STRIP = NO;
				DEBUG_INFORMATION_FORMAT = "dwarf-with-dsym";
				ENABLE_NS_ASSERTIONS = NO;
				ENABLE_STRICT_OBJC_MSGSEND = YES;
				GCC_C_LANGUAGE_STANDARD = gnu11;
				GCC_NO_COMMON_BLOCKS = YES;
				GCC_WARN_64_TO_32_BIT_CONVERSION = YES;
				GCC_WARN_ABOUT_RETURN_TYPE = YES_ERROR;
				GCC_WARN_UNDECLARED_SELECTOR = YES;
				GCC_WARN_UNINITIALIZED_AUTOS = YES_AGGRESSIVE;
				GCC_WARN_UNUSED_FUNCTION = YES;
				GCC_WARN_UNUSED_VARIABLE = YES;
				IPHONEOS_DEPLOYMENT_TARGET = 11.4;
				MTL_ENABLE_DEBUG_INFO = NO;
				SDKROOT = iphoneos;
				SWIFT_COMPILATION_MODE = wholemodule;
				SWIFT_OPTIMIZATION_LEVEL = "-O";
				VALIDATE_PRODUCT = YES;
			};
			name = Release;
		};
		DBE801792144CD98003C9039 /* Debug */ = {
			isa = XCBuildConfiguration;
			buildSettings = {
				ASSETCATALOG_COMPILER_APPICON_NAME = AppIcon;
				CODE_SIGN_STYLE = Automatic;
				INFOPLIST_FILE = ScrollBookLikeIBook/Info.plist;
				LD_RUNPATH_SEARCH_PATHS = (
					"$(inherited)",
					"@executable_path/Frameworks",
				);
				PRODUCT_BUNDLE_IDENTIFIER = com.david.ScrollBookLikeIBook;
				PRODUCT_NAME = "$(TARGET_NAME)";
				SWIFT_VERSION = 4.0;
				TARGETED_DEVICE_FAMILY = "1,2";
			};
			name = Debug;
		};
		DBE8017A2144CD98003C9039 /* Release */ = {
			isa = XCBuildConfiguration;
			buildSettings = {
				ASSETCATALOG_COMPILER_APPICON_NAME = AppIcon;
				CODE_SIGN_STYLE = Automatic;
				INFOPLIST_FILE = ScrollBookLikeIBook/Info.plist;
				LD_RUNPATH_SEARCH_PATHS = (
					"$(inherited)",
					"@executable_path/Frameworks",
				);
				PRODUCT_BUNDLE_IDENTIFIER = com.david.ScrollBookLikeIBook;
				PRODUCT_NAME = "$(TARGET_NAME)";
				SWIFT_VERSION = 4.0;
				TARGETED_DEVICE_FAMILY = "1,2";
			};
			name = Release;
		};
		DBE8017C2144CD98003C9039 /* Debug */ = {
			isa = XCBuildConfiguration;
			buildSettings = {
				ALWAYS_EMBED_SWIFT_STANDARD_LIBRARIES = YES;
				BUNDLE_LOADER = "$(TEST_HOST)";
				CODE_SIGN_STYLE = Automatic;
				INFOPLIST_FILE = ScrollBookLikeIBookTests/Info.plist;
				LD_RUNPATH_SEARCH_PATHS = (
					"$(inherited)",
					"@executable_path/Frameworks",
					"@loader_path/Frameworks",
				);
				PRODUCT_BUNDLE_IDENTIFIER = com.david.ScrollBookLikeIBookTests;
				PRODUCT_NAME = "$(TARGET_NAME)";
				SWIFT_VERSION = 4.0;
				TARGETED_DEVICE_FAMILY = "1,2";
				TEST_HOST = "$(BUILT_PRODUCTS_DIR)/ScrollBookLikeIBook.app/ScrollBookLikeIBook";
			};
			name = Debug;
		};
		DBE8017D2144CD98003C9039 /* Release */ = {
			isa = XCBuildConfiguration;
			buildSettings = {
				ALWAYS_EMBED_SWIFT_STANDARD_LIBRARIES = YES;
				BUNDLE_LOADER = "$(TEST_HOST)";
				CODE_SIGN_STYLE = Automatic;
				INFOPLIST_FILE = ScrollBookLikeIBookTests/Info.plist;
				LD_RUNPATH_SEARCH_PATHS = (
					"$(inherited)",
					"@executable_path/Frameworks",
					"@loader_path/Frameworks",
				);
				PRODUCT_BUNDLE_IDENTIFIER = com.david.ScrollBookLikeIBookTests;
				PRODUCT_NAME = "$(TARGET_NAME)";
				SWIFT_VERSION = 4.0;
				TARGETED_DEVICE_FAMILY = "1,2";
				TEST_HOST = "$(BUILT_PRODUCTS_DIR)/ScrollBookLikeIBook.app/ScrollBookLikeIBook";
			};
			name = Release;
		};
/* End XCBuildConfiguration section */

/* Begin XCConfigurationList section */
		DBE801562144CD95003C9039 /* Build configuration list for PBXProject "ScrollBookLikeIBook" */ = {
			isa = XCConfigurationList;
			buildConfigurations = (
				DBE801762144CD98003C9039 /* Debug */,
				DBE801772144CD98003C9039 /* Release */,
			);
			defaultConfigurationIsVisible = 0;
			defaultConfigurationName = Release;
		};
		DBE801782144CD98003C9039 /* Build configuration list for PBXNativeTarget "ScrollBookLikeIBook" */ = {
			isa = XCConfigurationList;
			buildConfigurations = (
				DBE801792144CD98003C9039 /* Debug */,
				DBE8017A2144CD98003C9039 /* Release */,
			);
			defaultConfigurationIsVisible = 0;
			defaultConfigurationName = Release;
		};
		DBE8017B2144CD98003C9039 /* Build configuration list for PBXNativeTarget "ScrollBookLikeIBookTests" */ = {
			isa = XCConfigurationList;
			buildConfigurations = (
				DBE8017C2144CD98003C9039 /* Debug */,
				DBE8017D2144CD98003C9039 /* Release */,
			);
			defaultConfigurationIsVisible = 0;
			defaultConfigurationName = Release;
		};
/* End XCConfigurationList section */
	};
	rootObject = DBE801532144CD95003C9039 /* Project object */;
}
